
Microsoft Visual Studio Solution File, Format Version 12.00
# Visual Studio 15
VisualStudioVersion = 15.0.28010.2016
MinimumVisualStudioVersion = 10.0.40219.1
Project("{FAE04EC0-301F-11D3-BF4B-00C04F79EFBC}") = "OICinema", "OICinema\OICinema.csproj", "{8011843E-A36A-44C3-89EC-CE83FE78503D}"
EndProject
Global
	GlobalSection(SolutionConfigurationPlatforms) = preSolution
		Debug|Any CPU = Debug|Any CPU
		Release|Any CPU = Release|Any CPU
	EndGlobalSection
	GlobalSection(ProjectConfigurationPlatforms) = postSolution
		{8011843E-A36A-44C3-89EC-CE83FE78503D}.Debug|Any CPU.ActiveCfg = Debug|Any CPU
		{8011843E-A36A-44C3-89EC-CE83FE78503D}.Debug|Any CPU.Build.0 = Debug|Any CPU
		{8011843E-A36A-44C3-89EC-CE83FE78503D}.Release|Any CPU.ActiveCfg = Release|Any CPU
		{8011843E-A36A-44C3-89EC-CE83FE78503D}.Release|Any CPU.Build.0 = Release|Any CPU
	EndGlobalSection
	GlobalSection(SolutionProperties) = preSolution
		HideSolutionNode = FALSE
	EndGlobalSection
	GlobalSection(ExtensibilityGlobals) = postSolution
		SolutionGuid = {1E977505-0E4F-4EB4-B615-C53D6E8EE109}
	EndGlobalSection
EndGlobal
